// !$*UTF8*$!
{
	archiveVersion = 1;
	classes = {
	};
	objectVersion = 55;
	objects = {

/* Begin PBXBuildFile section */
		CD9200BF286F332F009E6499 /* TableViewCell+Dequeue.swift in Sources */ = {isa = PBXBuildFile; fileRef = CD9200BE286F332F009E6499 /* TableViewCell+Dequeue.swift */; };
		CD9200C1286F38ED009E6499 /* RecipeContentView.swift in Sources */ = {isa = PBXBuildFile; fileRef = CD9200C0286F38ED009E6499 /* RecipeContentView.swift */; };
		CD963DC128769E6500CBB25B /* PotionDelegate.swift in Sources */ = {isa = PBXBuildFile; fileRef = CD963DC028769E6500CBB25B /* PotionDelegate.swift */; };
		CD963DC328769EFE00CBB25B /* PotionDetailViewController+Layout.swift in Sources */ = {isa = PBXBuildFile; fileRef = CD963DC228769EFE00CBB25B /* PotionDetailViewController+Layout.swift */; };
		CD963DC528769FD700CBB25B /* PotionSingleton.swift in Sources */ = {isa = PBXBuildFile; fileRef = CD963DC428769FD700CBB25B /* PotionSingleton.swift */; };
		CD963DC72876A75800CBB25B /* ImageSelectorViewController.swift in Sources */ = {isa = PBXBuildFile; fileRef = CD963DC62876A75800CBB25B /* ImageSelectorViewController.swift */; };
		CD963DC92876A78800CBB25B /* ImageSelectorCell.swift in Sources */ = {isa = PBXBuildFile; fileRef = CD963DC82876A78800CBB25B /* ImageSelectorCell.swift */; };
		CD963DCB2876B45800CBB25B /* ImageSelectorDelegate.swift in Sources */ = {isa = PBXBuildFile; fileRef = CD963DCA2876B45800CBB25B /* ImageSelectorDelegate.swift */; };
		CD963DCD2876B72F00CBB25B /* HomeTabBarNavActionProvide.swift in Sources */ = {isa = PBXBuildFile; fileRef = CD963DCC2876B72F00CBB25B /* HomeTabBarNavActionProvide.swift */; };
		CD963DD02876C9C300CBB25B /* PotionsTableViewController+Delegates.swift in Sources */ = {isa = PBXBuildFile; fileRef = CD963DCF2876C9C300CBB25B /* PotionsTableViewController+Delegates.swift */; };
		CD963DD22876CAA300CBB25B /* PotionsTableViewController+TV_Delegate_DataSource.swift in Sources */ = {isa = PBXBuildFile; fileRef = CD963DD12876CAA300CBB25B /* PotionsTableViewController+TV_Delegate_DataSource.swift */; };
		CD963DD62876CD1F00CBB25B /* PotionDetailViewController+Keyboard.swift in Sources */ = {isa = PBXBuildFile; fileRef = CD963DD52876CD1F00CBB25B /* PotionDetailViewController+Keyboard.swift */; };
		CD963DD82876CD6600CBB25B /* PotionDetailViewController+Delegates.swift in Sources */ = {isa = PBXBuildFile; fileRef = CD963DD72876CD6600CBB25B /* PotionDetailViewController+Delegates.swift */; };
		CD963DDA2876CDB000CBB25B /* PotionDetailViewController+Methods.swift in Sources */ = {isa = PBXBuildFile; fileRef = CD963DD92876CDB000CBB25B /* PotionDetailViewController+Methods.swift */; };
		CD963DDD2876E87900CBB25B /* RecipeComponentType.swift in Sources */ = {isa = PBXBuildFile; fileRef = CD963DDC2876E87900CBB25B /* RecipeComponentType.swift */; };
		CD963DDF2876ED8900CBB25B /* RecipesSingleton.swift in Sources */ = {isa = PBXBuildFile; fileRef = CD963DDE2876ED8900CBB25B /* RecipesSingleton.swift */; };
		CD963DE12876EFA100CBB25B /* RecipeComponentSelectorController.swift in Sources */ = {isa = PBXBuildFile; fileRef = CD963DE02876EFA100CBB25B /* RecipeComponentSelectorController.swift */; };
		CD963DE32876F7FC00CBB25B /* RecipeComponentSelectorDelegate.swift in Sources */ = {isa = PBXBuildFile; fileRef = CD963DE22876F7FC00CBB25B /* RecipeComponentSelectorDelegate.swift */; };
		CD963DE528770B6800CBB25B /* RecipeComponentSelectorController+Layout.swift in Sources */ = {isa = PBXBuildFile; fileRef = CD963DE428770B6800CBB25B /* RecipeComponentSelectorController+Layout.swift */; };
		CD963DE728770BF500CBB25B /* RecipeComponentSelectorController+Methods.swift in Sources */ = {isa = PBXBuildFile; fileRef = CD963DE628770BF500CBB25B /* RecipeComponentSelectorController+Methods.swift */; };
		CDF89E2228643AFF00F083A9 /* AppDelegate.swift in Sources */ = {isa = PBXBuildFile; fileRef = CDF89E2128643AFF00F083A9 /* AppDelegate.swift */; };
		CDF89E2428643AFF00F083A9 /* SceneDelegate.swift in Sources */ = {isa = PBXBuildFile; fileRef = CDF89E2328643AFF00F083A9 /* SceneDelegate.swift */; };
		CDF89E2628643AFF00F083A9 /* PotionsTableViewController.swift in Sources */ = {isa = PBXBuildFile; fileRef = CDF89E2528643AFF00F083A9 /* PotionsTableViewController.swift */; };
		CDF89E2B28643B0100F083A9 /* Assets.xcassets in Resources */ = {isa = PBXBuildFile; fileRef = CDF89E2A28643B0100F083A9 /* Assets.xcassets */; };
		CDF89E2E28643B0100F083A9 /* LaunchScreen.storyboard in Resources */ = {isa = PBXBuildFile; fileRef = CDF89E2C28643B0100F083A9 /* LaunchScreen.storyboard */; };
		CDF89E372864438700F083A9 /* HomeTabBarController.swift in Sources */ = {isa = PBXBuildFile; fileRef = CDF89E362864438700F083A9 /* HomeTabBarController.swift */; };
		CDF89E3B2864C47300F083A9 /* symbolList.txt in Resources */ = {isa = PBXBuildFile; fileRef = CDF89E3A2864C47300F083A9 /* symbolList.txt */; };
		CDF89E3F2864D43700F083A9 /* Potion.swift in Sources */ = {isa = PBXBuildFile; fileRef = CDF89E3E2864D43700F083A9 /* Potion.swift */; };
		CDF89E412864D5B000F083A9 /* PotionCell.swift in Sources */ = {isa = PBXBuildFile; fileRef = CDF89E402864D5B000F083A9 /* PotionCell.swift */; };
		CDF89E432864E82000F083A9 /* PotionDetailViewController.swift in Sources */ = {isa = PBXBuildFile; fileRef = CDF89E422864E82000F083A9 /* PotionDetailViewController.swift */; };
		CDF89E67286B1C2C00F083A9 /* RecipeTableView+Test.swift in Sources */ = {isa = PBXBuildFile; fileRef = CDF89E5C286B1C2B00F083A9 /* RecipeTableView+Test.swift */; };
		CDF89E68286B1C2C00F083A9 /* Recipe.swift in Sources */ = {isa = PBXBuildFile; fileRef = CDF89E5D286B1C2B00F083A9 /* Recipe.swift */; };
		CDF89E69286B1C2C00F083A9 /* RecipeDetailViewController.swift in Sources */ = {isa = PBXBuildFile; fileRef = CDF89E5E286B1C2B00F083A9 /* RecipeDetailViewController.swift */; };
		CDF89E6A286B1C2C00F083A9 /* RecipeDetailComponentCell.swift in Sources */ = {isa = PBXBuildFile; fileRef = CDF89E5F286B1C2B00F083A9 /* RecipeDetailComponentCell.swift */; };
		CDF89E6E286B1C2C00F083A9 /* RecipeCell+StackLayout.swift in Sources */ = {isa = PBXBuildFile; fileRef = CDF89E63286B1C2B00F083A9 /* RecipeCell+StackLayout.swift */; };
		CDF89E6F286B1C2C00F083A9 /* RecipeDetails.swift in Sources */ = {isa = PBXBuildFile; fileRef = CDF89E64286B1C2B00F083A9 /* RecipeDetails.swift */; };
		CDF89E70286B1C2C00F083A9 /* RecipeCell.swift in Sources */ = {isa = PBXBuildFile; fileRef = CDF89E65286B1C2B00F083A9 /* RecipeCell.swift */; };
		CDF89E79286B200C00F083A9 /* RecipesTableViewController.swift in Sources */ = {isa = PBXBuildFile; fileRef = CDF89E78286B200C00F083A9 /* RecipesTableViewController.swift */; };
		CDF89E7B286B43D100F083A9 /* RecipeDetailViewController+Methods.swift in Sources */ = {isa = PBXBuildFile; fileRef = CDF89E7A286B43D100F083A9 /* RecipeDetailViewController+Methods.swift */; };
		CDF89E90286DA2D900F083A9 /* RecipeDetailPlusCell.swift in Sources */ = {isa = PBXBuildFile; fileRef = CDF89E8F286DA2D900F083A9 /* RecipeDetailPlusCell.swift */; };
		CDF89E92286DA32A00F083A9 /* RecipeDetailResultsInCell.swift in Sources */ = {isa = PBXBuildFile; fileRef = CDF89E91286DA32A00F083A9 /* RecipeDetailResultsInCell.swift */; };
		CDF89E94286DAA5900F083A9 /* RecipeDetailMakeButtonCell.swift in Sources */ = {isa = PBXBuildFile; fileRef = CDF89E93286DAA5900F083A9 /* RecipeDetailMakeButtonCell.swift */; };
/* End PBXBuildFile section */

/* Begin PBXFileReference section */
		CD9200BE286F332F009E6499 /* TableViewCell+Dequeue.swift */ = {isa = PBXFileReference; lastKnownFileType = sourcecode.swift; path = "TableViewCell+Dequeue.swift"; sourceTree = "<group>"; };
		CD9200C0286F38ED009E6499 /* RecipeContentView.swift */ = {isa = PBXFileReference; lastKnownFileType = sourcecode.swift; path = RecipeContentView.swift; sourceTree = "<group>"; };
		CD963DC028769E6500CBB25B /* PotionDelegate.swift */ = {isa = PBXFileReference; lastKnownFileType = sourcecode.swift; path = PotionDelegate.swift; sourceTree = "<group>"; };
		CD963DC228769EFE00CBB25B /* PotionDetailViewController+Layout.swift */ = {isa = PBXFileReference; lastKnownFileType = sourcecode.swift; path = "PotionDetailViewController+Layout.swift"; sourceTree = "<group>"; };
		CD963DC428769FD700CBB25B /* PotionSingleton.swift */ = {isa = PBXFileReference; lastKnownFileType = sourcecode.swift; path = PotionSingleton.swift; sourceTree = "<group>"; };
		CD963DC62876A75800CBB25B /* ImageSelectorViewController.swift */ = {isa = PBXFileReference; lastKnownFileType = sourcecode.swift; path = ImageSelectorViewController.swift; sourceTree = "<group>"; };
		CD963DC82876A78800CBB25B /* ImageSelectorCell.swift */ = {isa = PBXFileReference; lastKnownFileType = sourcecode.swift; path = ImageSelectorCell.swift; sourceTree = "<group>"; };
		CD963DCA2876B45800CBB25B /* ImageSelectorDelegate.swift */ = {isa = PBXFileReference; lastKnownFileType = sourcecode.swift; path = ImageSelectorDelegate.swift; sourceTree = "<group>"; };
		CD963DCC2876B72F00CBB25B /* HomeTabBarNavActionProvide.swift */ = {isa = PBXFileReference; lastKnownFileType = sourcecode.swift; path = HomeTabBarNavActionProvide.swift; sourceTree = "<group>"; };
		CD963DCF2876C9C300CBB25B /* PotionsTableViewController+Delegates.swift */ = {isa = PBXFileReference; lastKnownFileType = sourcecode.swift; path = "PotionsTableViewController+Delegates.swift"; sourceTree = "<group>"; };
		CD963DD12876CAA300CBB25B /* PotionsTableViewController+TV_Delegate_DataSource.swift */ = {isa = PBXFileReference; lastKnownFileType = sourcecode.swift; path = "PotionsTableViewController+TV_Delegate_DataSource.swift"; sourceTree = "<group>"; };
		CD963DD52876CD1F00CBB25B /* PotionDetailViewController+Keyboard.swift */ = {isa = PBXFileReference; lastKnownFileType = sourcecode.swift; path = "PotionDetailViewController+Keyboard.swift"; sourceTree = "<group>"; };
		CD963DD72876CD6600CBB25B /* PotionDetailViewController+Delegates.swift */ = {isa = PBXFileReference; lastKnownFileType = sourcecode.swift; path = "PotionDetailViewController+Delegates.swift"; sourceTree = "<group>"; };
		CD963DD92876CDB000CBB25B /* PotionDetailViewController+Methods.swift */ = {isa = PBXFileReference; lastKnownFileType = sourcecode.swift; path = "PotionDetailViewController+Methods.swift"; sourceTree = "<group>"; };
		CD963DDC2876E87900CBB25B /* RecipeComponentType.swift */ = {isa = PBXFileReference; lastKnownFileType = sourcecode.swift; path = RecipeComponentType.swift; sourceTree = "<group>"; };
		CD963DDE2876ED8900CBB25B /* RecipesSingleton.swift */ = {isa = PBXFileReference; lastKnownFileType = sourcecode.swift; path = RecipesSingleton.swift; sourceTree = "<group>"; };
		CD963DE02876EFA100CBB25B /* RecipeComponentSelectorController.swift */ = {isa = PBXFileReference; lastKnownFileType = sourcecode.swift; path = RecipeComponentSelectorController.swift; sourceTree = "<group>"; };
		CD963DE22876F7FC00CBB25B /* RecipeComponentSelectorDelegate.swift */ = {isa = PBXFileReference; lastKnownFileType = sourcecode.swift; path = RecipeComponentSelectorDelegate.swift; sourceTree = "<group>"; };
		CD963DE428770B6800CBB25B /* RecipeComponentSelectorController+Layout.swift */ = {isa = PBXFileReference; lastKnownFileType = sourcecode.swift; path = "RecipeComponentSelectorController+Layout.swift"; sourceTree = "<group>"; };
		CD963DE628770BF500CBB25B /* RecipeComponentSelectorController+Methods.swift */ = {isa = PBXFileReference; lastKnownFileType = sourcecode.swift; path = "RecipeComponentSelectorController+Methods.swift"; sourceTree = "<group>"; };
		CDF89E1E28643AFF00F083A9 /* DruidInventory.app */ = {isa = PBXFileReference; explicitFileType = wrapper.application; includeInIndex = 0; path = DruidInventory.app; sourceTree = BUILT_PRODUCTS_DIR; };
		CDF89E2128643AFF00F083A9 /* AppDelegate.swift */ = {isa = PBXFileReference; lastKnownFileType = sourcecode.swift; path = AppDelegate.swift; sourceTree = "<group>"; };
		CDF89E2328643AFF00F083A9 /* SceneDelegate.swift */ = {isa = PBXFileReference; lastKnownFileType = sourcecode.swift; path = SceneDelegate.swift; sourceTree = "<group>"; };
		CDF89E2528643AFF00F083A9 /* PotionsTableViewController.swift */ = {isa = PBXFileReference; lastKnownFileType = sourcecode.swift; path = PotionsTableViewController.swift; sourceTree = "<group>"; };
		CDF89E2A28643B0100F083A9 /* Assets.xcassets */ = {isa = PBXFileReference; lastKnownFileType = folder.assetcatalog; path = Assets.xcassets; sourceTree = "<group>"; };
		CDF89E2D28643B0100F083A9 /* Base */ = {isa = PBXFileReference; lastKnownFileType = file.storyboard; name = Base; path = Base.lproj/LaunchScreen.storyboard; sourceTree = "<group>"; };
		CDF89E2F28643B0100F083A9 /* Info.plist */ = {isa = PBXFileReference; lastKnownFileType = text.plist.xml; path = Info.plist; sourceTree = "<group>"; };
		CDF89E362864438700F083A9 /* HomeTabBarController.swift */ = {isa = PBXFileReference; lastKnownFileType = sourcecode.swift; path = HomeTabBarController.swift; sourceTree = "<group>"; };
		CDF89E3A2864C47300F083A9 /* symbolList.txt */ = {isa = PBXFileReference; fileEncoding = 4; lastKnownFileType = text; path = symbolList.txt; sourceTree = "<group>"; };
		CDF89E3E2864D43700F083A9 /* Potion.swift */ = {isa = PBXFileReference; lastKnownFileType = sourcecode.swift; path = Potion.swift; sourceTree = "<group>"; };
		CDF89E402864D5B000F083A9 /* PotionCell.swift */ = {isa = PBXFileReference; lastKnownFileType = sourcecode.swift; path = PotionCell.swift; sourceTree = "<group>"; };
		CDF89E422864E82000F083A9 /* PotionDetailViewController.swift */ = {isa = PBXFileReference; lastKnownFileType = sourcecode.swift; path = PotionDetailViewController.swift; sourceTree = "<group>"; };
		CDF89E5C286B1C2B00F083A9 /* RecipeTableView+Test.swift */ = {isa = PBXFileReference; fileEncoding = 4; lastKnownFileType = sourcecode.swift; path = "RecipeTableView+Test.swift"; sourceTree = "<group>"; };
		CDF89E5D286B1C2B00F083A9 /* Recipe.swift */ = {isa = PBXFileReference; fileEncoding = 4; lastKnownFileType = sourcecode.swift; path = Recipe.swift; sourceTree = "<group>"; };
		CDF89E5E286B1C2B00F083A9 /* RecipeDetailViewController.swift */ = {isa = PBXFileReference; fileEncoding = 4; lastKnownFileType = sourcecode.swift; path = RecipeDetailViewController.swift; sourceTree = "<group>"; };
		CDF89E5F286B1C2B00F083A9 /* RecipeDetailComponentCell.swift */ = {isa = PBXFileReference; fileEncoding = 4; lastKnownFileType = sourcecode.swift; path = RecipeDetailComponentCell.swift; sourceTree = "<group>"; };
		CDF89E63286B1C2B00F083A9 /* RecipeCell+StackLayout.swift */ = {isa = PBXFileReference; fileEncoding = 4; lastKnownFileType = sourcecode.swift; path = "RecipeCell+StackLayout.swift"; sourceTree = "<group>"; };
		CDF89E64286B1C2B00F083A9 /* RecipeDetails.swift */ = {isa = PBXFileReference; fileEncoding = 4; lastKnownFileType = sourcecode.swift; path = RecipeDetails.swift; sourceTree = "<group>"; };
		CDF89E65286B1C2B00F083A9 /* RecipeCell.swift */ = {isa = PBXFileReference; fileEncoding = 4; lastKnownFileType = sourcecode.swift; path = RecipeCell.swift; sourceTree = "<group>"; };
		CDF89E78286B200C00F083A9 /* RecipesTableViewController.swift */ = {isa = PBXFileReference; lastKnownFileType = sourcecode.swift; path = RecipesTableViewController.swift; sourceTree = "<group>"; };
		CDF89E7A286B43D100F083A9 /* RecipeDetailViewController+Methods.swift */ = {isa = PBXFileReference; lastKnownFileType = sourcecode.swift; path = "RecipeDetailViewController+Methods.swift"; sourceTree = "<group>"; };
		CDF89E8F286DA2D900F083A9 /* RecipeDetailPlusCell.swift */ = {isa = PBXFileReference; lastKnownFileType = sourcecode.swift; path = RecipeDetailPlusCell.swift; sourceTree = "<group>"; };
		CDF89E91286DA32A00F083A9 /* RecipeDetailResultsInCell.swift */ = {isa = PBXFileReference; lastKnownFileType = sourcecode.swift; path = RecipeDetailResultsInCell.swift; sourceTree = "<group>"; };
		CDF89E93286DAA5900F083A9 /* RecipeDetailMakeButtonCell.swift */ = {isa = PBXFileReference; lastKnownFileType = sourcecode.swift; path = RecipeDetailMakeButtonCell.swift; sourceTree = "<group>"; };
/* End PBXFileReference section */

/* Begin PBXFrameworksBuildPhase section */
		CDF89E1B28643AFF00F083A9 /* Frameworks */ = {
			isa = PBXFrameworksBuildPhase;
			buildActionMask = 2147483647;
			files = (
			);
			runOnlyForDeploymentPostprocessing = 0;
		};
/* End PBXFrameworksBuildPhase section */

/* Begin PBXGroup section */
		CD9200BD286F32FA009E6499 /* Utils */ = {
			isa = PBXGroup;
			children = (
				CD9200BE286F332F009E6499 /* TableViewCell+Dequeue.swift */,
			);
			path = Utils;
			sourceTree = "<group>";
		};
		CD963DCE2876C2B100CBB25B /* ImageSelector */ = {
			isa = PBXGroup;
			children = (
				CD963DC62876A75800CBB25B /* ImageSelectorViewController.swift */,
				CD963DC82876A78800CBB25B /* ImageSelectorCell.swift */,
				CD963DCA2876B45800CBB25B /* ImageSelectorDelegate.swift */,
			);
			path = ImageSelector;
			sourceTree = "<group>";
		};
		CD963DD32876CAE600CBB25B /* PotionsTableViewControllerExtensions */ = {
			isa = PBXGroup;
			children = (
				CD963DD12876CAA300CBB25B /* PotionsTableViewController+TV_Delegate_DataSource.swift */,
				CD963DCF2876C9C300CBB25B /* PotionsTableViewController+Delegates.swift */,
			);
			path = PotionsTableViewControllerExtensions;
			sourceTree = "<group>";
		};
		CD963DD42876CC9500CBB25B /* PotionsData */ = {
			isa = PBXGroup;
			children = (
				CDF89E3E2864D43700F083A9 /* Potion.swift */,
				CD963DC028769E6500CBB25B /* PotionDelegate.swift */,
				CD963DC428769FD700CBB25B /* PotionSingleton.swift */,
			);
			path = PotionsData;
			sourceTree = "<group>";
		};
		CD963DDB2876CDE700CBB25B /* PotionDetailViewControllerExtensions */ = {
			isa = PBXGroup;
			children = (
				CD963DD92876CDB000CBB25B /* PotionDetailViewController+Methods.swift */,
				CD963DD72876CD6600CBB25B /* PotionDetailViewController+Delegates.swift */,
				CD963DD52876CD1F00CBB25B /* PotionDetailViewController+Keyboard.swift */,
				CD963DC228769EFE00CBB25B /* PotionDetailViewController+Layout.swift */,
			);
			path = PotionDetailViewControllerExtensions;
			sourceTree = "<group>";
		};
		CDF89E1528643AFF00F083A9 = {
			isa = PBXGroup;
			children = (
				CDF89E2028643AFF00F083A9 /* DruidInventory */,
				CDF89E1F28643AFF00F083A9 /* Products */,
			);
			sourceTree = "<group>";
		};
		CDF89E1F28643AFF00F083A9 /* Products */ = {
			isa = PBXGroup;
			children = (
				CDF89E1E28643AFF00F083A9 /* DruidInventory.app */,
			);
			name = Products;
			sourceTree = "<group>";
		};
		CDF89E2028643AFF00F083A9 /* DruidInventory */ = {
			isa = PBXGroup;
			children = (
				CD963DCE2876C2B100CBB25B /* ImageSelector */,
				CD9200BD286F32FA009E6499 /* Utils */,
				CDF89E73286B1D8800F083A9 /* RecipeDetail */,
				CDF89E72286B1D1D00F083A9 /* Recipes */,
				CDF89E4528663A8500F083A9 /* Source */,
				CDF89E4428663A4600F083A9 /* Potions */,
				CDF89E2128643AFF00F083A9 /* AppDelegate.swift */,
				CDF89E2328643AFF00F083A9 /* SceneDelegate.swift */,
				CDF89E362864438700F083A9 /* HomeTabBarController.swift */,
				CD963DCC2876B72F00CBB25B /* HomeTabBarNavActionProvide.swift */,
				CDF89E2A28643B0100F083A9 /* Assets.xcassets */,
				CDF89E2C28643B0100F083A9 /* LaunchScreen.storyboard */,
				CDF89E2F28643B0100F083A9 /* Info.plist */,
			);
			path = DruidInventory;
			sourceTree = "<group>";
		};
		CDF89E4428663A4600F083A9 /* Potions */ = {
			isa = PBXGroup;
			children = (
				CD963DDB2876CDE700CBB25B /* PotionDetailViewControllerExtensions */,
				CD963DD42876CC9500CBB25B /* PotionsData */,
				CD963DD32876CAE600CBB25B /* PotionsTableViewControllerExtensions */,
				CDF89E2528643AFF00F083A9 /* PotionsTableViewController.swift */,
				CDF89E402864D5B000F083A9 /* PotionCell.swift */,
				CDF89E422864E82000F083A9 /* PotionDetailViewController.swift */,
			);
			path = Potions;
			sourceTree = "<group>";
		};
		CDF89E4528663A8500F083A9 /* Source */ = {
			isa = PBXGroup;
			children = (
				CDF89E3A2864C47300F083A9 /* symbolList.txt */,
			);
			path = Source;
			sourceTree = "<group>";
		};
		CDF89E72286B1D1D00F083A9 /* Recipes */ = {
			isa = PBXGroup;
			children = (
				CDF89E78286B200C00F083A9 /* RecipesTableViewController.swift */,
				CDF89E65286B1C2B00F083A9 /* RecipeCell.swift */,
				CDF89E63286B1C2B00F083A9 /* RecipeCell+StackLayout.swift */,
				CDF89E5D286B1C2B00F083A9 /* Recipe.swift */,
				CDF89E64286B1C2B00F083A9 /* RecipeDetails.swift */,
				CDF89E5C286B1C2B00F083A9 /* RecipeTableView+Test.swift */,
				CD9200C0286F38ED009E6499 /* RecipeContentView.swift */,
				CD963DDE2876ED8900CBB25B /* RecipesSingleton.swift */,
			);
			path = Recipes;
			sourceTree = "<group>";
		};
		CDF89E73286B1D8800F083A9 /* RecipeDetail */ = {
			isa = PBXGroup;
			children = (
				CDF89E5E286B1C2B00F083A9 /* RecipeDetailViewController.swift */,
				CDF89E5F286B1C2B00F083A9 /* RecipeDetailComponentCell.swift */,
				CDF89E7A286B43D100F083A9 /* RecipeDetailViewController+Methods.swift */,
				CDF89E91286DA32A00F083A9 /* RecipeDetailResultsInCell.swift */,
				CDF89E8F286DA2D900F083A9 /* RecipeDetailPlusCell.swift */,
				CDF89E93286DAA5900F083A9 /* RecipeDetailMakeButtonCell.swift */,
				CD963DDC2876E87900CBB25B /* RecipeComponentType.swift */,
				CD963DE02876EFA100CBB25B /* RecipeComponentSelectorController.swift */,
				CD963DE628770BF500CBB25B /* RecipeComponentSelectorController+Methods.swift */,
				CD963DE428770B6800CBB25B /* RecipeComponentSelectorController+Layout.swift */,
				CD963DE22876F7FC00CBB25B /* RecipeComponentSelectorDelegate.swift */,
			);
			path = RecipeDetail;
			sourceTree = "<group>";
		};
/* End PBXGroup section */

/* Begin PBXNativeTarget section */
		CDF89E1D28643AFF00F083A9 /* DruidInventory */ = {
			isa = PBXNativeTarget;
			buildConfigurationList = CDF89E3228643B0100F083A9 /* Build configuration list for PBXNativeTarget "DruidInventory" */;
			buildPhases = (
				CDF89E1A28643AFF00F083A9 /* Sources */,
				CDF89E1B28643AFF00F083A9 /* Frameworks */,
				CDF89E1C28643AFF00F083A9 /* Resources */,
				CDF89E3528643C1200F083A9 /* Lint Source */,
			);
			buildRules = (
			);
			dependencies = (
			);
			name = DruidInventory;
			productName = DruidInventory;
			productReference = CDF89E1E28643AFF00F083A9 /* DruidInventory.app */;
			productType = "com.apple.product-type.application";
		};
/* End PBXNativeTarget section */

/* Begin PBXProject section */
		CDF89E1628643AFF00F083A9 /* Project object */ = {
			isa = PBXProject;
			attributes = {
				BuildIndependentTargetsInParallel = 1;
				LastSwiftUpdateCheck = 1330;
				LastUpgradeCheck = 1330;
				TargetAttributes = {
					CDF89E1D28643AFF00F083A9 = {
						CreatedOnToolsVersion = 13.3.1;
					};
				};
			};
			buildConfigurationList = CDF89E1928643AFF00F083A9 /* Build configuration list for PBXProject "DruidInventory" */;
			compatibilityVersion = "Xcode 13.0";
			developmentRegion = en;
			hasScannedForEncodings = 0;
			knownRegions = (
				en,
				Base,
			);
			mainGroup = CDF89E1528643AFF00F083A9;
			productRefGroup = CDF89E1F28643AFF00F083A9 /* Products */;
			projectDirPath = "";
			projectRoot = "";
			targets = (
				CDF89E1D28643AFF00F083A9 /* DruidInventory */,
			);
		};
/* End PBXProject section */

/* Begin PBXResourcesBuildPhase section */
		CDF89E1C28643AFF00F083A9 /* Resources */ = {
			isa = PBXResourcesBuildPhase;
			buildActionMask = 2147483647;
			files = (
				CDF89E3B2864C47300F083A9 /* symbolList.txt in Resources */,
				CDF89E2E28643B0100F083A9 /* LaunchScreen.storyboard in Resources */,
				CDF89E2B28643B0100F083A9 /* Assets.xcassets in Resources */,
			);
			runOnlyForDeploymentPostprocessing = 0;
		};
/* End PBXResourcesBuildPhase section */

/* Begin PBXShellScriptBuildPhase section */
		CDF89E3528643C1200F083A9 /* Lint Source */ = {
			isa = PBXShellScriptBuildPhase;
			buildActionMask = 2147483647;
			files = (
			);
			inputFileListPaths = (
			);
			inputPaths = (
			);
			name = "Lint Source";
			outputFileListPaths = (
			);
			outputPaths = (
			);
			runOnlyForDeploymentPostprocessing = 0;
			shellPath = /bin/sh;
			shellScript = "if which swiftlint >/dev/null; then\n    swiftlint lint\nelse\n    echo \"warning: SwiftLint not installed\"\nfi\n";
		};
/* End PBXShellScriptBuildPhase section */

/* Begin PBXSourcesBuildPhase section */
		CDF89E1A28643AFF00F083A9 /* Sources */ = {
			isa = PBXSourcesBuildPhase;
			buildActionMask = 2147483647;
			files = (
				CD9200C1286F38ED009E6499 /* RecipeContentView.swift in Sources */,
				CDF89E79286B200C00F083A9 /* RecipesTableViewController.swift in Sources */,
				CDF89E432864E82000F083A9 /* PotionDetailViewController.swift in Sources */,
				CDF89E94286DAA5900F083A9 /* RecipeDetailMakeButtonCell.swift in Sources */,
				CDF89E3F2864D43700F083A9 /* Potion.swift in Sources */,
				CDF89E6E286B1C2C00F083A9 /* RecipeCell+StackLayout.swift in Sources */,
				CDF89E70286B1C2C00F083A9 /* RecipeCell.swift in Sources */,
				CDF89E6F286B1C2C00F083A9 /* RecipeDetails.swift in Sources */,
				CDF89E92286DA32A00F083A9 /* RecipeDetailResultsInCell.swift in Sources */,
				CDF89E2628643AFF00F083A9 /* PotionsTableViewController.swift in Sources */,
				CD963DD22876CAA300CBB25B /* PotionsTableViewController+TV_Delegate_DataSource.swift in Sources */,
				CDF89E2228643AFF00F083A9 /* AppDelegate.swift in Sources */,
				CDF89E6A286B1C2C00F083A9 /* RecipeDetailComponentCell.swift in Sources */,
				CDF89E90286DA2D900F083A9 /* RecipeDetailPlusCell.swift in Sources */,
				CDF89E7B286B43D100F083A9 /* RecipeDetailViewController+Methods.swift in Sources */,
				CD963DE728770BF500CBB25B /* RecipeComponentSelectorController+Methods.swift in Sources */,
				CD963DD82876CD6600CBB25B /* PotionDetailViewController+Delegates.swift in Sources */,
				CD963DE528770B6800CBB25B /* RecipeComponentSelectorController+Layout.swift in Sources */,
				CDF89E412864D5B000F083A9 /* PotionCell.swift in Sources */,
				CD9200BF286F332F009E6499 /* TableViewCell+Dequeue.swift in Sources */,
				CD963DC72876A75800CBB25B /* ImageSelectorViewController.swift in Sources */,
				CD963DCD2876B72F00CBB25B /* HomeTabBarNavActionProvide.swift in Sources */,
				CD963DDD2876E87900CBB25B /* RecipeComponentType.swift in Sources */,
				CD963DD02876C9C300CBB25B /* PotionsTableViewController+Delegates.swift in Sources */,
				CD963DC128769E6500CBB25B /* PotionDelegate.swift in Sources */,
				CDF89E372864438700F083A9 /* HomeTabBarController.swift in Sources */,
				CD963DC92876A78800CBB25B /* ImageSelectorCell.swift in Sources */,
				CD963DDA2876CDB000CBB25B /* PotionDetailViewController+Methods.swift in Sources */,
				CD963DE12876EFA100CBB25B /* RecipeComponentSelectorController.swift in Sources */,
				CD963DC528769FD700CBB25B /* PotionSingleton.swift in Sources */,
				CDF89E2428643AFF00F083A9 /* SceneDelegate.swift in Sources */,
				CDF89E69286B1C2C00F083A9 /* RecipeDetailViewController.swift in Sources */,
				CDF89E67286B1C2C00F083A9 /* RecipeTableView+Test.swift in Sources */,
				CD963DCB2876B45800CBB25B /* ImageSelectorDelegate.swift in Sources */,
				CD963DE32876F7FC00CBB25B /* RecipeComponentSelectorDelegate.swift in Sources */,
				CD963DC328769EFE00CBB25B /* PotionDetailViewController+Layout.swift in Sources */,
				CDF89E68286B1C2C00F083A9 /* Recipe.swift in Sources */,
				CD963DD62876CD1F00CBB25B /* PotionDetailViewController+Keyboard.swift in Sources */,
				CD963DDF2876ED8900CBB25B /* RecipesSingleton.swift in Sources */,
			);
			runOnlyForDeploymentPostprocessing = 0;
		};
/* End PBXSourcesBuildPhase section */

/* Begin PBXVariantGroup section */
		CDF89E2C28643B0100F083A9 /* LaunchScreen.storyboard */ = {
			isa = PBXVariantGroup;
			children = (
				CDF89E2D28643B0100F083A9 /* Base */,
			);
			name = LaunchScreen.storyboard;
			sourceTree = "<group>";
		};
/* End PBXVariantGroup section */

/* Begin XCBuildConfiguration section */
		CDF89E3028643B0100F083A9 /* Debug */ = {
			isa = XCBuildConfiguration;
			buildSettings = {
				ALWAYS_SEARCH_USER_PATHS = NO;
				CLANG_ANALYZER_NONNULL = YES;
				CLANG_ANALYZER_NUMBER_OBJECT_CONVERSION = YES_AGGRESSIVE;
				CLANG_CXX_LANGUAGE_STANDARD = "gnu++17";
				CLANG_ENABLE_MODULES = YES;
				CLANG_ENABLE_OBJC_ARC = YES;
				CLANG_ENABLE_OBJC_WEAK = YES;
				CLANG_WARN_BLOCK_CAPTURE_AUTORELEASING = YES;
				CLANG_WARN_BOOL_CONVERSION = YES;
				CLANG_WARN_COMMA = YES;
				CLANG_WARN_CONSTANT_CONVERSION = YES;
				CLANG_WARN_DEPRECATED_OBJC_IMPLEMENTATIONS = YES;
				CLANG_WARN_DIRECT_OBJC_ISA_USAGE = YES_ERROR;
				CLANG_WARN_DOCUMENTATION_COMMENTS = YES;
				CLANG_WARN_EMPTY_BODY = YES;
				CLANG_WARN_ENUM_CONVERSION = YES;
				CLANG_WARN_INFINITE_RECURSION = YES;
				CLANG_WARN_INT_CONVERSION = YES;
				CLANG_WARN_NON_LITERAL_NULL_CONVERSION = YES;
				CLANG_WARN_OBJC_IMPLICIT_RETAIN_SELF = YES;
				CLANG_WARN_OBJC_LITERAL_CONVERSION = YES;
				CLANG_WARN_OBJC_ROOT_CLASS = YES_ERROR;
				CLANG_WARN_QUOTED_INCLUDE_IN_FRAMEWORK_HEADER = YES;
				CLANG_WARN_RANGE_LOOP_ANALYSIS = YES;
				CLANG_WARN_STRICT_PROTOTYPES = YES;
				CLANG_WARN_SUSPICIOUS_MOVE = YES;
				CLANG_WARN_UNGUARDED_AVAILABILITY = YES_AGGRESSIVE;
				CLANG_WARN_UNREACHABLE_CODE = YES;
				CLANG_WARN__DUPLICATE_METHOD_MATCH = YES;
				COPY_PHASE_STRIP = NO;
				DEBUG_INFORMATION_FORMAT = dwarf;
				ENABLE_STRICT_OBJC_MSGSEND = YES;
				ENABLE_TESTABILITY = YES;
				GCC_C_LANGUAGE_STANDARD = gnu11;
				GCC_DYNAMIC_NO_PIC = NO;
				GCC_NO_COMMON_BLOCKS = YES;
				GCC_OPTIMIZATION_LEVEL = 0;
				GCC_PREPROCESSOR_DEFINITIONS = (
					"DEBUG=1",
					"$(inherited)",
				);
				GCC_WARN_64_TO_32_BIT_CONVERSION = YES;
				GCC_WARN_ABOUT_RETURN_TYPE = YES_ERROR;
				GCC_WARN_UNDECLARED_SELECTOR = YES;
				GCC_WARN_UNINITIALIZED_AUTOS = YES_AGGRESSIVE;
				GCC_WARN_UNUSED_FUNCTION = YES;
				GCC_WARN_UNUSED_VARIABLE = YES;
				IPHONEOS_DEPLOYMENT_TARGET = 15.4;
				MTL_ENABLE_DEBUG_INFO = INCLUDE_SOURCE;
				MTL_FAST_MATH = YES;
				ONLY_ACTIVE_ARCH = YES;
				SDKROOT = iphoneos;
				SWIFT_ACTIVE_COMPILATION_CONDITIONS = DEBUG;
				SWIFT_OPTIMIZATION_LEVEL = "-Onone";
			};
			name = Debug;
		};
		CDF89E3128643B0100F083A9 /* Release */ = {
			isa = XCBuildConfiguration;
			buildSettings = {
				ALWAYS_SEARCH_USER_PATHS = NO;
				CLANG_ANALYZER_NONNULL = YES;
				CLANG_ANALYZER_NUMBER_OBJECT_CONVERSION = YES_AGGRESSIVE;
				CLANG_CXX_LANGUAGE_STANDARD = "gnu++17";
				CLANG_ENABLE_MODULES = YES;
				CLANG_ENABLE_OBJC_ARC = YES;
				CLANG_ENABLE_OBJC_WEAK = YES;
				CLANG_WARN_BLOCK_CAPTURE_AUTORELEASING = YES;
				CLANG_WARN_BOOL_CONVERSION = YES;
				CLANG_WARN_COMMA = YES;
				CLANG_WARN_CONSTANT_CONVERSION = YES;
				CLANG_WARN_DEPRECATED_OBJC_IMPLEMENTATIONS = YES;
				CLANG_WARN_DIRECT_OBJC_ISA_USAGE = YES_ERROR;
				CLANG_WARN_DOCUMENTATION_COMMENTS = YES;
				CLANG_WARN_EMPTY_BODY = YES;
				CLANG_WARN_ENUM_CONVERSION = YES;
				CLANG_WARN_INFINITE_RECURSION = YES;
				CLANG_WARN_INT_CONVERSION = YES;
				CLANG_WARN_NON_LITERAL_NULL_CONVERSION = YES;
				CLANG_WARN_OBJC_IMPLICIT_RETAIN_SELF = YES;
				CLANG_WARN_OBJC_LITERAL_CONVERSION = YES;
				CLANG_WARN_OBJC_ROOT_CLASS = YES_ERROR;
				CLANG_WARN_QUOTED_INCLUDE_IN_FRAMEWORK_HEADER = YES;
				CLANG_WARN_RANGE_LOOP_ANALYSIS = YES;
				CLANG_WARN_STRICT_PROTOTYPES = YES;
				CLANG_WARN_SUSPICIOUS_MOVE = YES;
				CLANG_WARN_UNGUARDED_AVAILABILITY = YES_AGGRESSIVE;
				CLANG_WARN_UNREACHABLE_CODE = YES;
				CLANG_WARN__DUPLICATE_METHOD_MATCH = YES;
				COPY_PHASE_STRIP = NO;
				DEBUG_INFORMATION_FORMAT = "dwarf-with-dsym";
				ENABLE_NS_ASSERTIONS = NO;
				ENABLE_STRICT_OBJC_MSGSEND = YES;
				GCC_C_LANGUAGE_STANDARD = gnu11;
				GCC_NO_COMMON_BLOCKS = YES;
				GCC_WARN_64_TO_32_BIT_CONVERSION = YES;
				GCC_WARN_ABOUT_RETURN_TYPE = YES_ERROR;
				GCC_WARN_UNDECLARED_SELECTOR = YES;
				GCC_WARN_UNINITIALIZED_AUTOS = YES_AGGRESSIVE;
				GCC_WARN_UNUSED_FUNCTION = YES;
				GCC_WARN_UNUSED_VARIABLE = YES;
				IPHONEOS_DEPLOYMENT_TARGET = 15.4;
				MTL_ENABLE_DEBUG_INFO = NO;
				MTL_FAST_MATH = YES;
				SDKROOT = iphoneos;
				SWIFT_COMPILATION_MODE = wholemodule;
				SWIFT_OPTIMIZATION_LEVEL = "-O";
				VALIDATE_PRODUCT = YES;
			};
			name = Release;
		};
		CDF89E3328643B0100F083A9 /* Debug */ = {
			isa = XCBuildConfiguration;
			buildSettings = {
				ASSETCATALOG_COMPILER_APPICON_NAME = AppIcon;
				ASSETCATALOG_COMPILER_GLOBAL_ACCENT_COLOR_NAME = AccentColor;
				CODE_SIGN_STYLE = Automatic;
				CURRENT_PROJECT_VERSION = 1;
				DEVELOPMENT_TEAM = Y2ZMF37QVQ;
				GENERATE_INFOPLIST_FILE = YES;
				INFOPLIST_FILE = DruidInventory/Info.plist;
				INFOPLIST_KEY_UIApplicationSupportsIndirectInputEvents = YES;
				INFOPLIST_KEY_UILaunchStoryboardName = LaunchScreen;
				INFOPLIST_KEY_UISupportedInterfaceOrientations_iPad = "UIInterfaceOrientationPortrait UIInterfaceOrientationPortraitUpsideDown UIInterfaceOrientationLandscapeLeft UIInterfaceOrientationLandscapeRight";
				INFOPLIST_KEY_UISupportedInterfaceOrientations_iPhone = "UIInterfaceOrientationPortrait UIInterfaceOrientationLandscapeLeft UIInterfaceOrientationLandscapeRight";
				LD_RUNPATH_SEARCH_PATHS = (
					"$(inherited)",
					"@executable_path/Frameworks",
				);
				MARKETING_VERSION = 1.0;
				PRODUCT_BUNDLE_IDENTIFIER = com.myorganization.DruidInventory;
				PRODUCT_NAME = "$(TARGET_NAME)";
				SWIFT_EMIT_LOC_STRINGS = YES;
				SWIFT_VERSION = 5.0;
				TARGETED_DEVICE_FAMILY = "1,2";
			};
			name = Debug;
		};
		CDF89E3428643B0100F083A9 /* Release */ = {
			isa = XCBuildConfiguration;
			buildSettings = {
				ASSETCATALOG_COMPILER_APPICON_NAME = AppIcon;
				ASSETCATALOG_COMPILER_GLOBAL_ACCENT_COLOR_NAME = AccentColor;
				CODE_SIGN_STYLE = Automatic;
				CURRENT_PROJECT_VERSION = 1;
				DEVELOPMENT_TEAM = Y2ZMF37QVQ;
				GENERATE_INFOPLIST_FILE = YES;
				INFOPLIST_FILE = DruidInventory/Info.plist;
				INFOPLIST_KEY_UIApplicationSupportsIndirectInputEvents = YES;
				INFOPLIST_KEY_UILaunchStoryboardName = LaunchScreen;
				INFOPLIST_KEY_UISupportedInterfaceOrientations_iPad = "UIInterfaceOrientationPortrait UIInterfaceOrientationPortraitUpsideDown UIInterfaceOrientationLandscapeLeft UIInterfaceOrientationLandscapeRight";
				INFOPLIST_KEY_UISupportedInterfaceOrientations_iPhone = "UIInterfaceOrientationPortrait UIInterfaceOrientationLandscapeLeft UIInterfaceOrientationLandscapeRight";
				LD_RUNPATH_SEARCH_PATHS = (
					"$(inherited)",
					"@executable_path/Frameworks",
				);
				MARKETING_VERSION = 1.0;
				PRODUCT_BUNDLE_IDENTIFIER = com.myorganization.DruidInventory;
				PRODUCT_NAME = "$(TARGET_NAME)";
				SWIFT_EMIT_LOC_STRINGS = YES;
				SWIFT_VERSION = 5.0;
				TARGETED_DEVICE_FAMILY = "1,2";
			};
			name = Release;
		};
/* End XCBuildConfiguration section */

/* Begin XCConfigurationList section */
		CDF89E1928643AFF00F083A9 /* Build configuration list for PBXProject "DruidInventory" */ = {
			isa = XCConfigurationList;
			buildConfigurations = (
				CDF89E3028643B0100F083A9 /* Debug */,
				CDF89E3128643B0100F083A9 /* Release */,
			);
			defaultConfigurationIsVisible = 0;
			defaultConfigurationName = Release;
		};
		CDF89E3228643B0100F083A9 /* Build configuration list for PBXNativeTarget "DruidInventory" */ = {
			isa = XCConfigurationList;
			buildConfigurations = (
				CDF89E3328643B0100F083A9 /* Debug */,
				CDF89E3428643B0100F083A9 /* Release */,
			);
			defaultConfigurationIsVisible = 0;
			defaultConfigurationName = Release;
		};
/* End XCConfigurationList section */
	};
	rootObject = CDF89E1628643AFF00F083A9 /* Project object */;
}
